
Microsoft Visual Studio Solution File, Format Version 12.00
# Visual Studio Version 17
VisualStudioVersion = 17.5.002.0
MinimumVisualStudioVersion = 10.0.40219.1
Project("{2150E333-8FDC-42A3-9474-1A3956D46DE8}") = "csharp-prep", "csharp-prep", "{8429B62B-7C68-4674-9813-B100FA063226}"
EndProject
Project("{9A19103F-16F7-4668-BE54-9A1E7A4F7556}") = "Prep1", "csharp-prep\Prep1\Prep1.csproj", "{9299BA94-82C4-4A08-8FFD-8F534CF63365}"
EndProject
Project("{9A19103F-16F7-4668-BE54-9A1E7A4F7556}") = "Prep2", "csharp-prep\Prep2\Prep2.csproj", "{6F05DE48-5D5D-4775-AE7F-96A8E10A2343}"
EndProject
Project("{9A19103F-16F7-4668-BE54-9A1E7A4F7556}") = "Prep3", "csharp-prep\Prep3\Prep3.csproj", "{41A91C2E-EAAC-4531-B343-362DB417BD99}"
EndProject
Project("{9A19103F-16F7-4668-BE54-9A1E7A4F7556}") = "Prep4", "csharp-prep\Prep4\Prep4.csproj", "{06225E34-7CB2-4998-885E-970BDF79141C}"
EndProject
Project("{9A19103F-16F7-4668-BE54-9A1E7A4F7556}") = "Prep5", "csharp-prep\Prep5\Prep5.csproj", "{49280C96-8246-4175-B7B3-A55B6CC0C07A}"
EndProject
Project("{2150E333-8FDC-42A3-9474-1A3956D46DE8}") = "final", "final", "{3549ACA4-DD4B-4CE9-B6F1-71CC80034E42}"
EndProject
Project("{9A19103F-16F7-4668-BE54-9A1E7A4F7556}") = "FinalProject", "final\FinalProject\FinalProject.csproj", "{907772F7-AB53-40F1-8637-17B2315F89ED}"
EndProject
Project("{9A19103F-16F7-4668-BE54-9A1E7A4F7556}") = "Foundation1", "final\Foundation1\Foundation1.csproj", "{E761F766-29E6-4C00-BCEF-F0EDDEAA6B32}"
EndProject
Project("{9A19103F-16F7-4668-BE54-9A1E7A4F7556}") = "Foundation2", "final\Foundation2\Foundation2.csproj", "{812375FA-9D47-4CA5-BDDB-6EB2A8910011}"
EndProject
Project("{9A19103F-16F7-4668-BE54-9A1E7A4F7556}") = "Foundation3", "final\Foundation3\Foundation3.csproj", "{C4D9973A-2433-4173-9421-0D1D9EC444C9}"
EndProject
Project("{9A19103F-16F7-4668-BE54-9A1E7A4F7556}") = "Foundation4", "final\Foundation4\Foundation4.csproj", "{F4E08197-C9CD-4952-B527-14E696FAEF2C}"
EndProject
Project("{2150E333-8FDC-42A3-9474-1A3956D46DE8}") = "prepare", "prepare", "{37D5DA78-4F0F-40E0-81CC-C89053ACAE89}"
EndProject
Project("{9A19103F-16F7-4668-BE54-9A1E7A4F7556}") = "Learning02", "prepare\Learning02\Learning02.csproj", "{1DA9D542-8EDB-46E7-A792-DC07951C5837}"
EndProject
Project("{9A19103F-16F7-4668-BE54-9A1E7A4F7556}") = "Learning03", "prepare\Learning03\Learning03.csproj", "{785912F3-A7EC-4CB2-9E35-AFFAD80BB663}"
EndProject
Project("{9A19103F-16F7-4668-BE54-9A1E7A4F7556}") = "Learning04", "prepare\Learning04\Learning04.csproj", "{B11F0711-697B-4CF4-8A17-E66E924A4C85}"
EndProject
Project("{9A19103F-16F7-4668-BE54-9A1E7A4F7556}") = "Learning05", "prepare\Learning05\Learning05.csproj", "{458090FF-9B6A-43FF-8ACF-89940A2CFB28}"
EndProject
Project("{2150E333-8FDC-42A3-9474-1A3956D46DE8}") = "prove", "prove", "{4A6BA911-B6A6-4F3F-B35B-4935CFDFC8F2}"
EndProject
Project("{9A19103F-16F7-4668-BE54-9A1E7A4F7556}") = "Develop02", "prove\Develop02\Develop02.csproj", "{B2C0DD3A-2C81-41F4-8D9E-DD9D4B5F04E4}"
EndProject
Project("{9A19103F-16F7-4668-BE54-9A1E7A4F7556}") = "Develop03", "prove\Develop03\Develop03.csproj", "{84582EB3-9A86-4D88-B4CD-728F47ADBDA4}"
EndProject
Project("{9A19103F-16F7-4668-BE54-9A1E7A4F7556}") = "Develop04", "prove\Develop04\Develop04.csproj", "{27225DD9-6AC5-412D-99CA-44C58C1456C4}"
EndProject
Project("{9A19103F-16F7-4668-BE54-9A1E7A4F7556}") = "Develop05", "prove\Develop05\Develop05.csproj", "{2482F6E9-BC39-4FA5-AFEA-686EB53DBDE6}"
EndProject
Project("{2150E333-8FDC-42A3-9474-1A3956D46DE8}") = "sandbox", "sandbox", "{AA552218-80CE-4491-BEE6-F763786DB07E}"
EndProject
Project("{9A19103F-16F7-4668-BE54-9A1E7A4F7556}") = "Sandbox", "sandbox\Sandbox\Sandbox.csproj", "{1195232A-D8AD-4B7D-92C5-AF896AF03D28}"
EndProject
Global
	GlobalSection(SolutionConfigurationPlatforms) = preSolution
		Debug|Any CPU = Debug|Any CPU
		Release|Any CPU = Release|Any CPU
	EndGlobalSection
	GlobalSection(ProjectConfigurationPlatforms) = postSolution
		{9299BA94-82C4-4A08-8FFD-8F534CF63365}.Debug|Any CPU.ActiveCfg = Debug|Any CPU
		{9299BA94-82C4-4A08-8FFD-8F534CF63365}.Debug|Any CPU.Build.0 = Debug|Any CPU
		{9299BA94-82C4-4A08-8FFD-8F534CF63365}.Release|Any CPU.ActiveCfg = Release|Any CPU
		{9299BA94-82C4-4A08-8FFD-8F534CF63365}.Release|Any CPU.Build.0 = Release|Any CPU
		{6F05DE48-5D5D-4775-AE7F-96A8E10A2343}.Debug|Any CPU.ActiveCfg = Debug|Any CPU
		{6F05DE48-5D5D-4775-AE7F-96A8E10A2343}.Debug|Any CPU.Build.0 = Debug|Any CPU
		{6F05DE48-5D5D-4775-AE7F-96A8E10A2343}.Release|Any CPU.ActiveCfg = Release|Any CPU
		{6F05DE48-5D5D-4775-AE7F-96A8E10A2343}.Release|Any CPU.Build.0 = Release|Any CPU
		{41A91C2E-EAAC-4531-B343-362DB417BD99}.Debug|Any CPU.ActiveCfg = Debug|Any CPU
		{41A91C2E-EAAC-4531-B343-362DB417BD99}.Debug|Any CPU.Build.0 = Debug|Any CPU
		{41A91C2E-EAAC-4531-B343-362DB417BD99}.Release|Any CPU.ActiveCfg = Release|Any CPU
		{41A91C2E-EAAC-4531-B343-362DB417BD99}.Release|Any CPU.Build.0 = Release|Any CPU
		{06225E34-7CB2-4998-885E-970BDF79141C}.Debug|Any CPU.ActiveCfg = Debug|Any CPU
		{06225E34-7CB2-4998-885E-970BDF79141C}.Debug|Any CPU.Build.0 = Debug|Any CPU
		{06225E34-7CB2-4998-885E-970BDF79141C}.Release|Any CPU.ActiveCfg = Release|Any CPU
		{06225E34-7CB2-4998-885E-970BDF79141C}.Release|Any CPU.Build.0 = Release|Any CPU
		{49280C96-8246-4175-B7B3-A55B6CC0C07A}.Debug|Any CPU.ActiveCfg = Debug|Any CPU
		{49280C96-8246-4175-B7B3-A55B6CC0C07A}.Debug|Any CPU.Build.0 = Debug|Any CPU
		{49280C96-8246-4175-B7B3-A55B6CC0C07A}.Release|Any CPU.ActiveCfg = Release|Any CPU
		{49280C96-8246-4175-B7B3-A55B6CC0C07A}.Release|Any CPU.Build.0 = Release|Any CPU
		{907772F7-AB53-40F1-8637-17B2315F89ED}.Debug|Any CPU.ActiveCfg = Debug|Any CPU
		{907772F7-AB53-40F1-8637-17B2315F89ED}.Debug|Any CPU.Build.0 = Debug|Any CPU
		{907772F7-AB53-40F1-8637-17B2315F89ED}.Release|Any CPU.ActiveCfg = Release|Any CPU
		{907772F7-AB53-40F1-8637-17B2315F89ED}.Release|Any CPU.Build.0 = Release|Any CPU
		{E761F766-29E6-4C00-BCEF-F0EDDEAA6B32}.Debug|Any CPU.ActiveCfg = Debug|Any CPU
		{E761F766-29E6-4C00-BCEF-F0EDDEAA6B32}.Debug|Any CPU.Build.0 = Debug|Any CPU
		{E761F766-29E6-4C00-BCEF-F0EDDEAA6B32}.Release|Any CPU.ActiveCfg = Release|Any CPU
		{E761F766-29E6-4C00-BCEF-F0EDDEAA6B32}.Release|Any CPU.Build.0 = Release|Any CPU
		{812375FA-9D47-4CA5-BDDB-6EB2A8910011}.Debug|Any CPU.ActiveCfg = Debug|Any CPU
		{812375FA-9D47-4CA5-BDDB-6EB2A8910011}.Debug|Any CPU.Build.0 = Debug|Any CPU
		{812375FA-9D47-4CA5-BDDB-6EB2A8910011}.Release|Any CPU.ActiveCfg = Release|Any CPU
		{812375FA-9D47-4CA5-BDDB-6EB2A8910011}.Release|Any CPU.Build.0 = Release|Any CPU
		{C4D9973A-2433-4173-9421-0D1D9EC444C9}.Debug|Any CPU.ActiveCfg = Debug|Any CPU
		{C4D9973A-2433-4173-9421-0D1D9EC444C9}.Debug|Any CPU.Build.0 = Debug|Any CPU
		{C4D9973A-2433-4173-9421-0D1D9EC444C9}.Release|Any CPU.ActiveCfg = Release|Any CPU
		{C4D9973A-2433-4173-9421-0D1D9EC444C9}.Release|Any CPU.Build.0 = Release|Any CPU
		{F4E08197-C9CD-4952-B527-14E696FAEF2C}.Debug|Any CPU.ActiveCfg = Debug|Any CPU
		{F4E08197-C9CD-4952-B527-14E696FAEF2C}.Debug|Any CPU.Build.0 = Debug|Any CPU
		{F4E08197-C9CD-4952-B527-14E696FAEF2C}.Release|Any CPU.ActiveCfg = Release|Any CPU
		{F4E08197-C9CD-4952-B527-14E696FAEF2C}.Release|Any CPU.Build.0 = Release|Any CPU
		{1DA9D542-8EDB-46E7-A792-DC07951C5837}.Debug|Any CPU.ActiveCfg = Debug|Any CPU
		{1DA9D542-8EDB-46E7-A792-DC07951C5837}.Debug|Any CPU.Build.0 = Debug|Any CPU
		{1DA9D542-8EDB-46E7-A792-DC07951C5837}.Release|Any CPU.ActiveCfg = Release|Any CPU
		{1DA9D542-8EDB-46E7-A792-DC07951C5837}.Release|Any CPU.Build.0 = Release|Any CPU
		{785912F3-A7EC-4CB2-9E35-AFFAD80BB663}.Debug|Any CPU.ActiveCfg = Debug|Any CPU
		{785912F3-A7EC-4CB2-9E35-AFFAD80BB663}.Debug|Any CPU.Build.0 = Debug|Any CPU
		{785912F3-A7EC-4CB2-9E35-AFFAD80BB663}.Release|Any CPU.ActiveCfg = Release|Any CPU
		{785912F3-A7EC-4CB2-9E35-AFFAD80BB663}.Release|Any CPU.Build.0 = Release|Any CPU
		{B11F0711-697B-4CF4-8A17-E66E924A4C85}.Debug|Any CPU.ActiveCfg = Debug|Any CPU
		{B11F0711-697B-4CF4-8A17-E66E924A4C85}.Debug|Any CPU.Build.0 = Debug|Any CPU
		{B11F0711-697B-4CF4-8A17-E66E924A4C85}.Release|Any CPU.ActiveCfg = Release|Any CPU
		{B11F0711-697B-4CF4-8A17-E66E924A4C85}.Release|Any CPU.Build.0 = Release|Any CPU
		{458090FF-9B6A-43FF-8ACF-89940A2CFB28}.Debug|Any CPU.ActiveCfg = Debug|Any CPU
		{458090FF-9B6A-43FF-8ACF-89940A2CFB28}.Debug|Any CPU.Build.0 = Debug|Any CPU
		{458090FF-9B6A-43FF-8ACF-89940A2CFB28}.Release|Any CPU.ActiveCfg = Release|Any CPU
		{458090FF-9B6A-43FF-8ACF-89940A2CFB28}.Release|Any CPU.Build.0 = Release|Any CPU
		{B2C0DD3A-2C81-41F4-8D9E-DD9D4B5F04E4}.Debug|Any CPU.ActiveCfg = Debug|Any CPU
		{B2C0DD3A-2C81-41F4-8D9E-DD9D4B5F04E4}.Debug|Any CPU.Build.0 = Debug|Any CPU
		{B2C0DD3A-2C81-41F4-8D9E-DD9D4B5F04E4}.Release|Any CPU.ActiveCfg = Release|Any CPU
		{B2C0DD3A-2C81-41F4-8D9E-DD9D4B5F04E4}.Release|Any CPU.Build.0 = Release|Any CPU
		{84582EB3-9A86-4D88-B4CD-728F47ADBDA4}.Debug|Any CPU.ActiveCfg = Debug|Any CPU
		{84582EB3-9A86-4D88-B4CD-728F47ADBDA4}.Debug|Any CPU.Build.0 = Debug|Any CPU
		{84582EB3-9A86-4D88-B4CD-728F47ADBDA4}.Release|Any CPU.ActiveCfg = Release|Any CPU
		{84582EB3-9A86-4D88-B4CD-728F47ADBDA4}.Release|Any CPU.Build.0 = Release|Any CPU
		{27225DD9-6AC5-412D-99CA-44C58C1456C4}.Debug|Any CPU.ActiveCfg = Debug|Any CPU
		{27225DD9-6AC5-412D-99CA-44C58C1456C4}.Debug|Any CPU.Build.0 = Debug|Any CPU
		{27225DD9-6AC5-412D-99CA-44C58C1456C4}.Release|Any CPU.ActiveCfg = Release|Any CPU
		{27225DD9-6AC5-412D-99CA-44C58C1456C4}.Release|Any CPU.Build.0 = Release|Any CPU
		{2482F6E9-BC39-4FA5-AFEA-686EB53DBDE6}.Debug|Any CPU.ActiveCfg = Debug|Any CPU
		{2482F6E9-BC39-4FA5-AFEA-686EB53DBDE6}.Debug|Any CPU.Build.0 = Debug|Any CPU
		{2482F6E9-BC39-4FA5-AFEA-686EB53DBDE6}.Release|Any CPU.ActiveCfg = Release|Any CPU
		{2482F6E9-BC39-4FA5-AFEA-686EB53DBDE6}.Release|Any CPU.Build.0 = Release|Any CPU
		{1195232A-D8AD-4B7D-92C5-AF896AF03D28}.Debug|Any CPU.ActiveCfg = Debug|Any CPU
		{1195232A-D8AD-4B7D-92C5-AF896AF03D28}.Debug|Any CPU.Build.0 = Debug|Any CPU
		{1195232A-D8AD-4B7D-92C5-AF896AF03D28}.Release|Any CPU.ActiveCfg = Release|Any CPU
		{1195232A-D8AD-4B7D-92C5-AF896AF03D28}.Release|Any CPU.Build.0 = Release|Any CPU
	EndGlobalSection
	GlobalSection(SolutionProperties) = preSolution
		HideSolutionNode = FALSE
	EndGlobalSection
	GlobalSection(NestedProjects) = preSolution
		{9299BA94-82C4-4A08-8FFD-8F534CF63365} = {8429B62B-7C68-4674-9813-B100FA063226}
		{6F05DE48-5D5D-4775-AE7F-96A8E10A2343} = {8429B62B-7C68-4674-9813-B100FA063226}
		{41A91C2E-EAAC-4531-B343-362DB417BD99} = {8429B62B-7C68-4674-9813-B100FA063226}
		{06225E34-7CB2-4998-885E-970BDF79141C} = {8429B62B-7C68-4674-9813-B100FA063226}
		{49280C96-8246-4175-B7B3-A55B6CC0C07A} = {8429B62B-7C68-4674-9813-B100FA063226}
		{907772F7-AB53-40F1-8637-17B2315F89ED} = {3549ACA4-DD4B-4CE9-B6F1-71CC80034E42}
		{E761F766-29E6-4C00-BCEF-F0EDDEAA6B32} = {3549ACA4-DD4B-4CE9-B6F1-71CC80034E42}
		{812375FA-9D47-4CA5-BDDB-6EB2A8910011} = {3549ACA4-DD4B-4CE9-B6F1-71CC80034E42}
		{C4D9973A-2433-4173-9421-0D1D9EC444C9} = {3549ACA4-DD4B-4CE9-B6F1-71CC80034E42}
		{F4E08197-C9CD-4952-B527-14E696FAEF2C} = {3549ACA4-DD4B-4CE9-B6F1-71CC80034E42}
		{1DA9D542-8EDB-46E7-A792-DC07951C5837} = {37D5DA78-4F0F-40E0-81CC-C89053ACAE89}
		{785912F3-A7EC-4CB2-9E35-AFFAD80BB663} = {37D5DA78-4F0F-40E0-81CC-C89053ACAE89}
		{B11F0711-697B-4CF4-8A17-E66E924A4C85} = {37D5DA78-4F0F-40E0-81CC-C89053ACAE89}
		{458090FF-9B6A-43FF-8ACF-89940A2CFB28} = {37D5DA78-4F0F-40E0-81CC-C89053ACAE89}
		{B2C0DD3A-2C81-41F4-8D9E-DD9D4B5F04E4} = {4A6BA911-B6A6-4F3F-B35B-4935CFDFC8F2}
		{84582EB3-9A86-4D88-B4CD-728F47ADBDA4} = {4A6BA911-B6A6-4F3F-B35B-4935CFDFC8F2}
		{27225DD9-6AC5-412D-99CA-44C58C1456C4} = {4A6BA911-B6A6-4F3F-B35B-4935CFDFC8F2}
		{2482F6E9-BC39-4FA5-AFEA-686EB53DBDE6} = {4A6BA911-B6A6-4F3F-B35B-4935CFDFC8F2}
		{1195232A-D8AD-4B7D-92C5-AF896AF03D28} = {AA552218-80CE-4491-BEE6-F763786DB07E}
	EndGlobalSection
	GlobalSection(ExtensibilityGlobals) = postSolution
		SolutionGuid = {6A1454B9-A79E-42B1-B2D3-B18BF2713A80}
	EndGlobalSection
EndGlobal
